
Microsoft Visual Studio Solution File, Format Version 12.00
# Visual Studio Version 16
VisualStudioVersion = 16.0.31729.503
MinimumVisualStudioVersion = 10.0.40219.1
Project("{FAE04EC0-301F-11D3-BF4B-00C04F79EFBC}") = "CusPortal", "CusPortal.csproj", "{A1F1C189-9A77-48FF-BDA2-031F693CD7EF}"
EndProject
Project("{FAE04EC0-301F-11D3-BF4B-00C04F79EFBC}") = "CusPortal.Tests", "..\CusPortal.Tests\CusPortal.Tests.csproj", "{FBE409FE-EA86-40BF-BAFA-9C244F40DDAF}"
EndProject
Global
	GlobalSection(SolutionConfigurationPlatforms) = preSolution
		Debug|Any CPU = Debug|Any CPU
		Release|Any CPU = Release|Any CPU
	EndGlobalSection
	GlobalSection(ProjectConfigurationPlatforms) = postSolution
		{A1F1C189-9A77-48FF-BDA2-031F693CD7EF}.Debug|Any CPU.ActiveCfg = Debug|Any CPU
		{A1F1C189-9A77-48FF-BDA2-031F693CD7EF}.Debug|Any CPU.Build.0 = Debug|Any CPU
		{A1F1C189-9A77-48FF-BDA2-031F693CD7EF}.Release|Any CPU.ActiveCfg = Release|Any CPU
		{A1F1C189-9A77-48FF-BDA2-031F693CD7EF}.Release|Any CPU.Build.0 = Release|Any CPU
		{FBE409FE-EA86-40BF-BAFA-9C244F40DDAF}.Debug|Any CPU.ActiveCfg = Debug|Any CPU
		{FBE409FE-EA86-40BF-BAFA-9C244F40DDAF}.Debug|Any CPU.Build.0 = Debug|Any CPU
		{FBE409FE-EA86-40BF-BAFA-9C244F40DDAF}.Release|Any CPU.ActiveCfg = Release|Any CPU
		{FBE409FE-EA86-40BF-BAFA-9C244F40DDAF}.Release|Any CPU.Build.0 = Release|Any CPU
	EndGlobalSection
	GlobalSection(SolutionProperties) = preSolution
		HideSolutionNode = FALSE
	EndGlobalSection
	GlobalSection(ExtensibilityGlobals) = postSolution
		SolutionGuid = {7D9518CB-F355-4BB0-9F5B-84A59156C398}
	EndGlobalSection
EndGlobal
